YªçŠx-®éÜj×¢ëiºÚ+Š§j[h‘éÜ¢éí×]ü÷¤èµ©hºÚn¶X§zÍ^Âˆ›˜[YHŽˆœÜ›Û[ËZ[[YÙ[˜ÙH‹ˆ™\œÚ[ÛˆŽˆŒŒKŒ‹ˆ›ØÚÙš[U™\œÚ[ÛˆŽˆËˆœ™\]Z\™\ÈŽˆYKˆœXÚØYÙ\ÈŽˆÂˆˆŽˆÂˆ›˜[YHŽˆœÜ›Û[ËZ[[YÙ[˜ÙH‹ˆ™\œÚ[ÛˆŽˆŒŒKŒ‹ˆÛÜšÜÜXÙ\ÈŽˆÂˆœXÚØYÙ\ËÊˆ‹ˆœÙ\šXÙ\ËÊˆ‚ˆKˆ™\[™[˜ÚY\ÈŽˆÂˆÜ›Û[ËZ[[YÙ[˜ÙKØYÙ[XËXÛÛ˜XÝŽˆŒŒKŒ‹ˆ™š^ž›K[Ü›HŽˆ—ŒKŒˆ‹ˆ›™^Žˆ—ŒM‹ŒËŒÈ‹ˆœÜÝÜ™\ÈŽˆ—ŒËŽH‹ˆœ™XXÝŽˆ—ŒNKŒ‹Ž‹ˆœ™XXÝYÛHŽˆ—ŒNKŒ‹Ž‹ˆœ™XÚ\ÈŽˆ—ŒËŒLŒH‹ˆž›ÙŽˆ—ŒËŒŒH‚ˆKˆ™]‘\[™[˜ÚY\ÈŽˆÂˆ\\ËÛ›ÙHŽˆ—ŒŒ‹ŒLH‹ˆ\\ËÜ™XXÝŽˆ—ŒNKŒ‹ŒN‹ˆ\\ËÜ™XXÝYÛHŽˆ—ŒNKŒ‹H‹ˆ™š^ž›KZÚ]Žˆ—ŒŒÌKŒL‹ˆ™\ØZ[Žˆ—ŒŒŽŒˆ‹ˆ™\Û[Žˆ—ŽKŒÎKH‹ˆ™\Û[XÛÛ™šYË[™^Žˆ—ŒM‹ŒËŒÈ‹ˆœ˜Z[Ø^HŽˆ—ŒËŒLKŒ‹ˆÞŽˆ—ŒNKŒˆ‹ˆ\\ØÜš\Žˆ—KËŒÈ‹ˆš]\ÝŽˆ—ŒKŒLH‚ˆKˆ™[™Ú[™\ÈŽˆÂˆ››ÙHŽˆLŒ‹ŒŒ‚ˆBˆKˆ››ÙWÛ[Ù[\ËÐ]ÜË\ÙËØÚXÚÜÝ[\ÈŽˆÂˆ™\œÚ[ÛˆŽˆŒËŒLŒŽH‹ˆœ™\ÛÛ™YŽˆšÎ‹ËÜ™YÚ\ÝžK›œZœË›Ü™ËÐ]ÜË\ÙËØÚXÚÜÝ[\ËËKØÚXÚÜÝ[\ËLËŒLŒŽKÞˆ‹ˆš[YÜš]HŽˆœÚMLL‹QLÜUTÑVXœÜÑÊÓ\MÓÐ[^L™Õ\Q”]Û]–‘ÔSR‘™SXLÒ”ÓÙœÔŒÒÝšUÍPOOH‹ˆ›XÙ[œÙHŽˆ\XÚKL‹Œ‹ˆ™\[™[˜ÚY\ÈŽˆÂˆ]ÜË\ÙËØÛÜ™HŽˆ—ŒËŽMÍËŽH‹ˆ]ÜË\ÙËÝ\\ÈŽˆ—ŒËŽMÍH‹ˆÛZ]KØÛÜ™HŽˆ—ŒËŒÌËŒÈ‹ˆÛZ]KÝ\\ÈŽˆ—ŒMËŒˆ‹ˆÛXˆŽˆ—Œ‹‹Œˆ‚ˆKˆ™[™Ú[™\ÈŽˆÂˆ››ÙHŽˆLŒŒŒ‚ˆBˆKˆ››ÙWÛ[Ù[\ËÐ]ÜË\ÙËØÛY[\ÌÈŽˆÂˆ™\œÚ[ÛˆŽˆŒËŒLLNKŒ‹ˆœ™\ÛÛ™YŽˆšÎ‹ËÜ™YÚ\ÝžK›œZœË›Ü™ËÐ]ÜË\ÙËØÛY[\ÌËËKØÛY[\ÌËLËŒLLNKŒÞˆ‹ˆš[YÜš]HŽˆœÚMLL‹N
ÕR]P•ÝÚ˜”LYÕš‹ØÝLÜ“Ýž™Œ]NKÌÊÞ‘ÙŒ]^X’SÌÒŒž’˜UÚÔ”žžŽÛ‹ÝÊÖ\ÛÒÖŒ”KØL–™ÏOH‹ˆ›XÙ[œÙHŽˆ\XÚKL‹Œ‹ˆ™\[™[˜ÚY\ÈŽˆÂˆ]ÜË\ÙËØÚXÚÜÝ[\ÈŽˆ—ŒËŒLŒŽH‹ˆ]ÜË\ÙËØÛÜ™HŽˆ—ŒËŽMÍËŽH‹ˆ]ÜË\ÙËØÜ™Y[X[\›ÝšY\‹[›ÙHŽˆ—ŒËŽMÌ‹ŽH‹ˆ]ÜË\ÙËÛZY]Ø\™K\ÙË\ÌÈŽˆ—ŒËŽMÌ‹ÍH‹ˆ]ÜË\ÙËÜÚYÛ˜]\™K][][K\™YÚ[ÛˆŽˆ—ŒËŽNM‹ˆ‹ˆ]ÜË\ÙËÝ\\ÈŽˆ—ŒËŽMÍH‹ˆÛZ]KØÛÜ™HŽˆ—ŒËŒÌËŒÈ‹ˆÛZ]KÙ™]ÚZZ[™\ˆŽˆ—KËŒˆ‹ˆÛZ]KÛ›ÙKZZ[™\ˆŽˆ—ŒLKŒÈ‹ˆÛZ]KÝ\\ÈŽˆ—ŒMËŒˆ‹ˆÛXˆŽˆ—Œ‹‹Œˆ‚ˆKˆ™[™Ú[™\ÈŽˆÂˆ››ÙHŽˆLŒŒŒ‚ˆBˆKˆ››ÙWÛ[Ù[\ËÐ]ÜË\ÙËØÛÜ™HŽˆÂˆ™\œÚ[ÛˆŽˆŒËŽMÍËŽH‹ˆœ™\ÛÛ™YŽˆšÎ‹ËÜ™YÚ\ÝžK›œZœË›Ü™ËÐ]ÜË\ÙËØÛÜ™KËKØÛÜ™KLËŽMÍËŽKÞˆ‹ˆš[YÜš]HŽˆœÚMLL‹\™\T‘T\–žœQÚ“Y\™TSÖRœ\KÓ[Ý™ÑšÐÔM‘™U–Ó^QÒžÜÕ””ŽPÛQÔÙ™ÞROOH‹ˆ›XÙ[œÙHŽˆ\XÚKL‹Œ‹ˆ™\[™[˜ÚY\ÈŽˆÂˆ]ÜË\ÙËÝ\\ÈŽˆ—ŒËŽMÍH‹ˆ]ÜË\ÙËÞ[XZ[\ˆŽˆ—ŒËŽMÌ‹‹ˆ]ÜËÛ[X™KZ[›ÚÙK\ÝÜ™HŽˆ—ŒŒËŒ‹ˆÛZ]KØÛÜ™HŽˆ—ŒËŒÌËŒÈ‹ˆÛZ]KÜÚYÛ˜]\™K]Žˆ—K‹ŒLˆ‹ˆÛZ]KÝ\\ÈŽˆ—ŒMËŒˆ‹ˆ˜›ÝÜÙ\ˆŽˆ—Œ‹ŒLKŒ‹ˆÛXˆŽˆ—Œ‹‹Œˆ‚ˆKˆ™[™Ú[™\ÈŽˆÂˆ››ÙHŽˆLŒŒŒ‚ˆBˆKˆ››ÙWÛ[Ù[\ËÐ]ÜË\ÙËØÜ™Y[X[\›ÝšY\‹Y[ˆŽˆÂˆ™\œÚ[ÛˆŽˆŒËŽMÌ‹Ì‹ˆœ™\ÛÛ™YŽˆšÎ‹ËÜ™YÚ\ÝžK›œZœË›Ü™ËÐ]ÜË\ÙËØÜ™Y[X[\›ÝšY\‹Y[‹ËKØÜ™Y[X[\›ÝšY\‹Y[‹LËŽMÌ‹ÌÞˆ‹ˆš[YÜš]HŽˆœÚMLL‹RÙ››PÜœXZV\Ø[Œ–Õ[–[\L”LÒŒÌ•XZ–Œšœ‹Ô™ÞÞTÍNQÚNQÔÐ›•]ÏOH‹ˆ›XÙ[œÙHŽˆ\XÚKL‹Œ‹ˆ™\[™[˜ÚY\ÈŽˆÂˆ]ÜË\ÙËØÛÜ™HŽˆ—ŒËŽMÍËŽH‹ˆ]ÜË\ÙËÝ\\ÈŽˆ—ŒËŽMÍH‹ˆÛZ]KØÛÜ™HŽˆ—ŒËŒÌËŒÈ‹ˆÛZ]KÝ\\ÈŽˆ—ŒMËŒˆ‹ˆÛXˆŽˆ—Œ‹‹Œˆ‚ˆKˆ™[™Ú[™\ÈŽˆÂˆ››ÙHŽˆLŒŒŒ‚ˆBˆKˆ››ÙWÛ[Ù[\ËÐ]ÜË\ÙËØÜ™Y[X[\›ÝšY\‹ZŽˆÂˆ™\œÚ[ÛˆŽˆŒËŽMÌ‹Ìˆ‹ˆœ™\ÛÛ™YŽˆšÎ‹ËÜ™YÚ\ÝžK›œZœË›Ü™ËÐ]ÜË\ÙËØÜ™Y[X[\›ÝšY\‹ZËKØÜ™Y[X[\›ÝšY\‹ZLËŽMÌ‹Ì‹Þˆ‹ˆš[YÜš]HŽˆœÚMLL‹VN–SÜ•“Ù][ÜÐÖ
ÍšÝŒŽQÌ“Œ‘ÒXMÜ]›^”•ÊÔ”]RÐÑÊÊÖ’’ÍÙQÖ\X‹ÝXUÍØVSÝ‘™›Û
ÌÏOH‹ˆ›XÙ[œÙHŽˆ\XÚKL‹Œ‹ˆ™\[™[˜ÚY\ÈŽˆÂˆ]ÜË\ÙËØÛÜ™HŽˆ—ŒËŽMÍËŽH‹ˆ]ÜË\ÙËÝ\\ÈŽˆ—ŒËŽMÍH‹ˆÛZ]KØÛÜ™HŽˆ—ŒËŒÌËŒÈ‹ˆÛZ]KÙ™]ÚZZ[™\ˆŽˆ—KËŒˆ‹ˆÛZ]KÛ›ÙKZZ[™\ˆŽˆ—ŒLKŒÈ‹ˆÛZ]KÝ\\ÈŽˆ—ŒMËŒˆ‹ˆÛXˆŽˆ—Œ‹‹Œˆ‚ˆKˆ™[™Ú[™\ÈŽˆÂˆ››ÙHŽˆLŒŒŒ‚ˆBˆKˆ››ÙWÛ[Ù[\ËÐ]ÜË\ÙËØÜ™Y[X[\›ÝšY\‹Z[šHŽˆÂˆ™\œÚ[ÛˆŽˆŒËŽMÌËŒMH‹ˆœ™\ÛÛ™YŽˆšÎ‹ËÜ™YÚ\ÝžK›œZœË›Ü™ËÐ]ÜË\ÙËØÜ™Y[X[\›ÝšY\‹Z[šKËKØÜ™Y[X[\›ÝšY\‹Z[šKLËŽMÌËŒMKÞˆ‹ˆš[YÜš]HŽˆœÚMLL‹TžZÙÍœÍXÙP^[“SÑÕÙÛÛÝÓÍŠÌÒ™›œV[•˜TÝ[–›ÓÌVÙÜžÓžœÐÑX››TÌY”V‘ÞXŒÙ˜œ™ÔÝ]”ÙÏOH‹ˆ›XÙ[œÙHŽˆ\XÚKL‹Œ‹ˆ™\[™[˜ÚY\ÈŽˆÂˆ]ÜË\ÙËØÛÜ™HŽˆ—ŒËŽMÍËŽH‹ˆ]ÜË\ÙËØÜ™Y[X[\›ÝšY\‹Y[ˆŽˆ—ŒËŽMÌ‹Ì‹ˆ]ÜË\ÙËØÜ™Y[X[\›ÝšY\‹ZŽˆ—ŒËŽMÌ‹Ìˆ‹ˆ]ÜË\ÙËØÜ™Y[X[\›ÝšY\‹[ÙÚ[ˆŽˆ—ŒËŽMÌ‹ÍÈ‹ˆ]ÜË\ÙËØÜ™Y[X[\›ÝšY\‹\›ØÙ\ÜÈŽˆ—ŒËŽMÌ‹Ì‹ˆ]ÜË\ÙËØÜ™Y[X[\›ÝšY\‹\ÜÛÈŽˆ—ŒËŽMÌËŒM‹ˆ]ÜË\ÙËØÜ™Y[X[\›ÝšY\‹]ÙX‹ZY[]HŽˆ—ŒËŽMÌ‹Íˆ‹ˆ]ÜË\ÙËÛ™\ÝYXÛY[ÈŽˆ—ŒËŽNMË‹ˆ]ÜË\ÙËÝ\\ÈŽˆ—ŒËŽMÍH‹ˆÛZ]KØÛÜ™HŽˆ—ŒËŒÌËŒÈ‹ˆÛZ]KØÜ™Y[X[\›ÝšY\‹Z[YÈŽˆ—ŒMˆ‹ˆÛZ]KÝ\\ÈŽˆ—ŒMËŒˆ‹ˆÛXˆŽˆ—Œ‹‹Œˆ‚ˆKˆ™[™Ú[™\ÈŽˆÂˆ››ÙHŽˆLŒŒŒ‚ˆBˆKˆ››ÙWÛ[Ù[\ËÐ]ÜË\ÙËØÜ™Y[X[\›ÝšY\‹[ÙÚ[ˆŽˆÂˆ™\œÚ[ÛˆŽˆŒËŽMÌ‹ÍÈ‹ˆœ™\ÛÛ™YŽˆšÎ‹ËÜ™YÚ\ÝžK›œZœË›Ü™ËÐ]ÜË\ÙËØÜ™Y[X[\›ÝšY\‹[ÙÚ[‹ËKØÜ™Y[X[\›ÝšY\‹[ÙÚ[‹LËŽMÌ‹ÍËÞˆ‹ˆš[YÜš]HŽˆœÚMLL‹R˜N^‘RTÛÓ[[X›JÒ\Y”ÖÐÙÐÝ›ÛÙŠÕQÕÕRMM•ÍŒÑÑQYVMNÚZ•LÓÝMŠÕÑYØSY™Už˜T–RQOOH‹ˆ›XÙ[œÙHŽˆ\XÚKL‹Œ‹ˆ™\[™[˜ÚY\ÈŽˆÂˆ]ÜË\ÙËØÛÜ™HŽˆ—ŒËŽMÍËŽH‹ˆ]ÜË\ÙËÛ™\ÝYXÛY[ÈŽˆ—ŒËŽNMË‹ˆ]ÜË\ÙËÝ\\ÈŽˆ—ŒËŽMÍH‹ˆÛZ]KØÛÜ™HŽˆ—ŒËŒÌËŒÈ‹ˆÛZ]KÝ\\ÈŽˆ—ŒMËŒˆ‹ˆÛXˆŽˆ—Œ‹‹Œˆ‚ˆKˆ™[™Ú[™\ÈŽˆÂˆ››ÙHŽˆLŒŒŒ‚ˆBˆKˆ››ÙWÛ[Ù[\ËÐ]ÜË\ÙËØÜ™Y[X[\›ÝšY\‹[›ÙHŽˆÂˆ™\œÚ[ÛˆŽˆŒËŽMÌ‹ŽH‹ˆœ™\ÛÛ™YŽˆšÎ‹ËÜ™YÚ\ÝžK›œZœË›Ü™ËÐ]ÜË\ÙËØÜ™Y[X[\›ÝšY\‹[›ÙKËKØÜ™Y[X[\›ÝšY\‹[›ÙKLËŽMÌ‹ŽKÞˆ‹ˆš[YÜš]HŽˆœÚMLL‹T›[
ÕÚ]Ñ–]’–ŒNKÞÙÑÑÝ‹ÛSÚ[ŒXL•™ÌŒ[•žZÚSšÛ˜Ý˜Ô“\œÍÑYžLRÕÞ\“T]ÏOH‹ˆ›XÙ[œÙHŽˆ\XÚKL‹Œ‹ˆ™\[™[˜ÚY\ÈŽˆÂˆ]ÜË\ÙËØÜ™Y[X[\›ÝšY\‹Y[ˆŽˆ—ŒËŽMÌ‹Ì‹ˆ]ÜË\ÙËØÜ™Y[X[\›ÝšY\‹ZŽˆ—ŒËŽMÌ‹Ìˆ‹ˆ]ÜË\ÙËØÜ™Y[X[\›ÝšY\‹Z[šHŽˆ—ŒËŽMÌËŒMH‹ˆ]ÜË\ÙËØÜ™Y[X[\›ÝšY\‹\›ØÙ\ÜÈŽˆ—ŒËŽMÌ‹Ì‹ˆ]ÜË\ÙËØÜ™Y[X[\›ÝšY\‹\ÜÛÈŽˆ—ŒËŽMÌËŒM‹ˆ]ÜË\ÙËØÜ™Y[X[\›ÝšY\‹]ÙX‹ZY[]HŽˆ—ŒËŽMÌ‹Íˆ‹ˆ]ÜË\ÙËÝ\\ÈŽˆ—ŒËŽMÍH‹ˆÛZ]KØÛÜ™HŽˆ—ŒËŒÌËŒÈ‹ˆÛZ]KØÜ™Y[X[\›ÝšY\‹Z[YÈŽˆ—ŒMˆ‹ˆÛZ]KÝ\\ÈŽˆ—ŒMËŒˆ‹ˆÛXˆŽˆ—Œ‹‹Œˆ‚ˆKˆ™[™Ú[™\ÈŽˆÂˆ››ÙHŽˆLŒŒŒ‚ˆBˆKˆ››ÙWÛ[Ù[\ËÐ]ÜË\ÙËØÜ™Y[X[\›ÝšY\‹\›ØÙ\ÜÈŽˆÂˆ™\œÚ[ÛˆŽˆŒËŽMÌ‹Ì‹ˆœ™\ÛÛ™YŽˆšÎ‹ËÜ™YÚ\ÝžK›œZœË›Ü™ËÐ]ÜË\ÙËØÜ™Y[X[\›ÝšY\‹\›ØÙ\ÜËËKØÜ™Y[X[\›ÝšY\‹\›ØÙ\ÜËLËŽMÌ‹ÌÞˆ‹ˆš[YÜš]HŽˆœÚMLL‹LœžLÙ‘Ô’œÕŒÚ’JÛØÚšRœPS‘‘ž[SMRÚSÑ“]œN–‘ÔØ‘LššMSMÕÛ›–\S–˜U^KÒÙUÔVMOOH‹ˆ›XÙ[œÙHŽˆ\XÚKL‹Œ‹ˆ™\[™[˜ÚY\ÈŽˆÂˆ]ÜË\ÙËØÛÜ™HŽˆ—ŒËŽMÍËŽH‹ˆ]ÜË\ÙËÝ\\ÈŽˆ—ŒËŽMÍH‹ˆÛZ]KØÛÜ™HŽˆ—ŒËŒÌËŒÈ‹ˆÛZ]KÝ\\ÈŽˆ—ŒMËŒˆ‹ˆÛXˆŽˆ—Œ‹‹Œˆ‚ˆKˆ™[™Ú[™\ÈŽˆÂˆ››ÙHŽˆLŒŒŒ‚ˆBˆKˆ››ÙWÛ[Ù[\ËÐ]ÜË\ÙËØÜ™Y[X[\›ÝšY\‹\ÜÛÈŽˆÂˆ™\œÚ[ÛˆŽˆŒËŽMÌËŒM‹ˆœ™\ÛÛ™YŽˆšÎ‹ËÜ™YÚ\ÝžK›œZœË›Ü™ËÐ]ÜË\ÙËØÜ™Y[X[\›ÝšY\‹\ÜÛËËKØÜ™Y[X[\›ÝšY\‹\ÜÛËLËŽMÌËŒMÞˆ‹ˆš[YÜš]HŽˆœÚMLL‹ZšÚËÎØÐP[ØÌ‘žSZÝÊËÞ–šÙÞ\ÝYÙ›“˜NØÍLT[^
Ú‘ÓSRÙŠÍÖ‹ÌÞ›“MŒ™Ö›ÚžX\ÛPOOH‹ˆ›XÙ[œÙHŽˆ\XÚKL‹Œ‹ˆ™\[™[˜ÚY\ÈŽˆÂˆ]ÜË\ÙËØÛÜ™HŽˆ—ŒËŽMÍËŽH‹ˆ]ÜË\ÙËÛ™\ÝYXÛY[ÈŽˆ—ŒËŽNMË‹ˆ]ÜË\ÙËÝÚÙ[‹\›ÝšY\œÈŽˆŒËŒLLM‹Œ‹ˆ]ÜË\ÙËÝ\\ÈŽˆ—ŒËŽMÍH‹ˆÛZ]KØÛÜ™HŽˆ—ŒËŒÌËŒÈ‹ˆÛZ]KÝ\\ÈŽˆ—ŒMËŒˆ‹ˆÛXˆŽˆ—Œ‹‹Œˆ‚ˆKˆ™[™Ú[™\ÈŽˆÂˆ››ÙHŽˆLŒŒŒ‚ˆBˆKˆ››ÙWÛ[Ù[\ËÐ]ÜË\ÙËØÜ™Y[X[\›ÝšY\‹]ÙX‹ZY[]HŽˆÂˆ™\œÚ[ÛˆŽˆŒËŽMÌ‹Íˆ‹ˆœ™\ÛÛ™YŽˆšÎ‹ËÜ™YÚ\ÝžK›œZœË›Ü™ËÐ]ÜË\ÙËØÜ™Y[X[\›ÝšY\‹]ÙX‹ZY[]KËKØÜ™Y[X[\›ÝšY\‹]ÙX‹ZY[]KLËŽMÌ‹Í‹Þˆ‹ˆš[YÜš]HŽˆœÚMLL‹YÐQÞUMÍNTÜŒÍ[QPŒœÌŒž‘PM\œÔ”’›ÔNÍMÚU”PÜUÙ•^]Ò]’ÛXÒVU‘ÚYØQÜÐÐOOH‹ˆ›XÙ[œÙHŽˆ\XÚKL‹Œ‹ˆ™\[™[˜ÚY\ÈŽˆÂˆ]ÜË\ÙËØÛÜ™HŽˆ—ŒËŽMÍËŽH‹ˆ]ÜË\ÙËÛ™\ÝYXÛY[ÈŽˆ—ŒËŽNMË‹ˆ]ÜË\ÙËÝ\\ÈŽˆ—ŒËŽMÍH‹ˆÛZ]KØÛÜ™HŽˆ—ŒËŒÌËŒÈ‹ˆÛZ]KÝ\\ÈŽˆ—ŒMËŒˆ‹ˆÛXˆŽˆ—Œ‹‹Œˆ‚ˆKˆ™[™Ú[™\ÈŽˆÂˆ››ÙHŽˆLŒŒŒ‚ˆBˆKˆ››ÙWÛ[Ù[\ËÐ]ÜË\ÙËÛZY]Ø\™K\ÙË\ÌÈŽˆÂˆ™\œÚ[ÛˆŽˆŒËŽMÌ‹ÍH‹ˆœ™\ÛÛ™YŽˆšÎ‹ËÜ™YÚ\ÝžK›œZœË›Ü™ËÐ]ÜË\ÙËÛZY]Ø\™K\ÙË\ÌËËKÛZY]Ø\™K\ÙË\ÌËLËŽMÌ‹ÍKÞˆ‹ˆš[YÜš]HŽˆœÚMLL‹]ÓR\Ó[T•’ØS“RÚ•KÜÎUœ™]ÑNÍ™ÔÞ–žYÑ‘ÍP‘S[‘ÚÚÖŽÚš™ØÒÒœQUÜ]ØžZ\ÑYÜ\’“™ÏOH‹ˆ›XÙ[œÙHŽˆ\XÚKL‹Œ‹ˆ™\[™[˜ÚY\ÈŽˆÂˆ]ÜË\ÙËØÛÜ™HŽˆ—ŒËŽMÍËŽH‹ˆ]ÜË\ÙËÜÚYÛ˜]\™K][][K\™YÚ[ÛˆŽˆ—ŒËŽNM‹ˆ‹ˆ]ÜË\ÙËÝ\\ÈŽˆ—ŒËŽMÍH‹ˆÛZ]KØÛÜ™HŽˆ—ŒËŒÌËŒÈ‹ˆÛZ]KÝ\\ÈŽˆ—ŒMËŒˆ‹ˆÛXˆŽˆ—Œ‹‹Œˆ‚ˆKˆ™[™Ú[™\ÈŽˆÂˆ››ÙHŽˆLŒŒŒ‚ˆBˆKˆ››ÙWÛ[Ù[\ËÐ]ÜË\ÙËÛ™\ÝYXÛY[ÈŽˆÂˆ™\œÚ[ÛˆŽˆŒËŽNMË‹ˆœ™\ÛÛ™YŽˆšÎ‹ËÜ™YÚ\ÝžK›œZœË›Ü™ËÐ]ÜË\ÙËÛ™\ÝYXÛY[ËËKÛ™\ÝYXÛY[ËLËŽNMËÞˆ‹ˆš[YÜš]HŽˆœÚMLL‹SšYÜžZ›‘Ž]ÌÎ–QÞ[TUŒŽZÖXL[RÚ–[œRZ\ÍMÐV]ÕÑÕ–Y•TÙËÜPÌœ“œSÕY˜›
ÊÚ\šLLÕ•NÏOH‹ˆ›XÙ[œÙHŽˆ\XÚKL‹Œ‹ˆ™\[™[˜ÚY\ÈŽˆÂˆ]ÜË\ÙËØÛÜ™HŽˆ—ŒËŽMÍËŽH‹ˆ]ÜË\ÙËÜÚYÛ˜]\™K][][K\™YÚ[ÛˆŽˆ—ŒËŽNM‹ˆ‹ˆ]ÜË\ÙËÝ\\ÈŽˆ—ŒËŽMÍH‹ˆÛZ]KØÛÜ™HŽˆ—ŒËŒÌËŒÈ‹ˆÛZ]KÙ™]ÚZZ[™\ˆŽˆ—KËŒˆ‹ˆÛZ]KÛ›ÙKZZ[™\ˆŽˆ—ŒLKŒÈ‹ˆÛZ]KÝ\\ÈŽˆ—ŒMËŒˆ‹ˆÛXˆŽˆ—Œ‹‹Œˆ‚ˆKˆ™[™Ú[™\ÈŽˆÂˆ››ÙHŽˆLŒŒŒ‚ˆBˆKˆ››ÙWÛ[Ù[\ËÐ]ÜË\ÙËÜÚYÛ˜]\™K][][K\™YÚ[ÛˆŽˆÂˆ™\œÚ[ÛˆŽˆŒËŽNM‹ˆ‹ˆœ™\ÛÛ™YŽˆšÎ‹ËÜ™YÚ\ÝžK›œZœË›Ü™ËÐ]ÜË\ÙËÜÚYÛ˜]\™K][][K\™YÚ[Û‹ËKÜÚYÛ˜]\™K][][K\™YÚ[Û‹LËŽNM‹‹Þˆ‹ˆš[YÜš]HŽˆœÚMLL‹S
Ìž•YKÌ•M™ŒÛÐÝÜÌÍ‘ÑÌ’’•ÎYNœ™ÑÐ™YQ^ÒÞY[ÖÕÔœ›[ÍÑšRËÓÌšœ™ÔNQŠÐ^NšÙÞ•UÔOOH‹ˆ›XÙ[œÙHŽˆ\XÚKL‹Œ‹ˆ™\[™[˜ÚY\ÈŽˆÂˆ]ÜË\ÙËÝ\\ÈŽˆ—ŒËŽMÍH‹ˆÛZ]KÜÚYÛ˜]\™K]Žˆ—K‹ŒLˆ‹ˆÛZ]KÝ\\ÈŽˆ—ŒMËŒˆ‹ˆÛXˆŽˆ—Œ‹‹Œˆ‚ˆKˆ™[™Ú[™\ÈŽˆÂˆ››ÙHŽˆLŒŒŒ‚ˆBˆKˆ››ÙWÛ[Ù[\ËÐ]ÜË\ÙËÝÚÙ[‹\›ÝšY\œÈŽˆÂˆ™\œÚ[ÛˆŽˆŒËŒLLM‹Œ‹ˆœ™\ÛÛ™YŽˆšÎ‹ËÜ™YÚ\ÝžK›œZœË›Ü™ËÐ]ÜË\ÙËÝÚÙ[‹\›ÝšY\œËËKÝÚÙ[‹\›ÝšY\œËLËŒLLM‹ŒÞˆ‹ˆš[YÜš]HŽˆœÚMLL‹^YÒZ]’ÜZR“šÝXÓÐÖRP™Ðœœ”ÒLPÜVŠÝ“œÔRÜZŒ”ÜPVLÑ”MÛ[“ØÔJÒÔÞTÍÛÕUŒÍMOOH‹ˆ›XÙ[œÙHŽˆ\XÚKL‹Œ‹ˆ™\[™[˜ÚY\ÈŽˆÂˆ]ÜË\ÙËØÛÜ™HŽˆ—ŒËŽMÍËŽH‹ˆ]ÜË\ÙËÛ™\ÝYXÛY[ÈŽˆ—ŒËŽNMË‹ˆ]ÜË\ÙËÝ\\ÈŽˆ—ŒËŽMÍH‹ˆÛZ]KØÛÜ™HŽˆ—ŒËŒÌËŒÈ‹ˆÛZ]KÝ\\ÈŽˆ—ŒMËŒˆ‹ˆÛXˆŽˆ—Œ‹‹Œˆ‚ˆKˆ™[™Ú[™\ÈŽˆÂˆ››ÙHŽˆLŒŒŒ‚ˆBˆKˆ››ÙWÛ[Ù[\ËÐ]ÜË\ÙËÝ\\ÈŽˆÂˆ™\œÚ[ÛˆŽˆŒËŽMÍH‹ˆœ™\ÛÛ™YŽˆšÎ‹ËÜ™YÚ\ÝžK›œZœË›Ü™ËÐ]ÜË\ÙËÝ\\ËËKÝ\\ËLËŽMÍKÞˆ‹ˆš[YÜš]HŽˆœÚMLL‹SÝÓ“ÍÓ“›M˜R[X‘\P“YÖØÝ•V\ZL^•ÓJÙ•R”QY˜’ÔYÑ\\ÕÕÌXZØXY“LÒTOOH‹ˆ›XÙ[œÙHŽˆ\XÚKL‹Œ‹ˆ™\[™[˜ÚY\ÈŽˆÂˆÛZ]KÝ\\ÈŽˆ—ŒMËŒˆ‹ˆÛXˆŽˆ—Œ‹‹Œˆ‚ˆKˆ™[™Ú[™\ÈŽˆÂˆ››ÙHŽˆLŒŒŒ‚ˆBˆKˆ››ÙWÛ[Ù[\ËÐ]ÜË\ÙËÞ[XZ[\ˆŽˆÂˆ™\œÚ[ÛˆŽˆŒËŽMÌ‹‹ˆœ™\ÛÛ™YŽˆšÎ‹ËÜ™YÚ\ÝžK›œZœË›Ü™ËÐ]ÜË\ÙËÞ[XZ[\‹ËKÞ[XZ[\‹LËŽMÌ‹Þˆ‹ˆš[YÜš]HŽˆœÚMLL‹]Û›PÒQÕ[ÑžÚÛ˜ÝÊØ›^ZRTÒœMVU‹ÕXÖ•TÒ˜YÚÖ‘ÕÎ›ŒŒXÚ[Z‹ÍÞNZJÍÛÖUÖNMÝ‘ØÞ˜POOH‹ˆ›XÙ[œÙHŽˆ\XÚKL‹Œ‹ˆ™\[™[˜ÚY\ÈŽˆÂˆÛZ]KÝ\\ÈŽˆ—ŒMËŒˆ‹ˆÛXˆŽˆ—Œ‹‹Œˆ‚ˆKˆ™[™Ú[™\ÈŽˆÂˆ››ÙHŽˆLŒŒŒ‚ˆBˆKˆ››ÙWÛ[Ù[\ËÐ]ÜËÛ[X™KZ[›ÚÙK\ÝÜ™HŽˆÂˆ™\œÚ[ÛˆŽˆŒŒËŒ‹ˆœ™\ÛÛ™YŽˆšÎ‹ËÜ™YÚ\ÝžK›œZœË›Ü™ËÐ]ÜËÛ[X™KZ[›ÚÙK\ÝÜ™KËKÛ[X™KZ[›ÚÙK\ÝÜ™KLŒËŒÞˆ‹ˆš[YÜš]HŽˆœÚMLL‹\Û›MžZSS–\–’ÚÜ\Q•ÓŒY›•ÚÎ]’Þ–[
ÍÐÓœ\ŽLÐŒ’\V–˜‘”šÙ˜U•œÐËØ˜P\ZÌT
ÓQLPLœÔOOH‹ˆ›XÙ[œÙHŽˆ\XÚKL‹Œ‹ˆ™[™Ú[™\ÈŽˆÂˆ››ÙHŽˆLNŒŒ‚ˆBˆKˆ››ÙWÛ[Ù[\ËÐ˜X™[ØÛÙKYœ˜[YHŽˆÂˆ™\œÚ[ÛˆŽˆËŒŽKÈ‹ˆœ™\ÛÛ™YŽˆšÎ‹ËÜ™YÚ\ÝžK›œZœË›Ü™ËÐ˜X™[ØÛÙKYœ˜[YKËKØÛÙKYœ˜[YKMËŒŽKËÞˆ‹ˆš[YÜš]HŽˆœÚMLL‹P]\ØUSÙœUYÌ”“ÓÒ“’]ÍYŽQP›LRZÛKÛX[Q“‹ÖTYÓÍÐÚŒÞLÜÑR”‘™ÍÜÚTŠÜT’[ÖœZRÝÏOH‹ˆ™]ˆŽˆYKˆ›XÙ[œÙHŽˆ“RU‹ˆ™\[™[˜ÚY\ÈŽˆÂˆ˜X™[Ú[\‹]˜[Y]Ü‹ZY[YšY\ˆŽˆ—ËŒŽKÈ‹ˆšœË]ÚÙ[œÈŽˆ—ŒŒ‹ˆœXÛØÛÛÜœÈŽˆ—ŒKŒKŒH‚ˆKˆ™[™Ú[™\ÈŽˆÂˆ››ÙHŽˆM‹ŽKŒ‚ˆBˆKˆ››ÙWÛ[Ù[\ËÐ˜X™[ØÛÛ\]Y]HŽˆÂˆ™\œÚ[ÛˆŽˆËŒŽKÈ‹ˆœ™\ÛÛ™YŽˆšÎ‹ËÜ™YÚ\ÝžK›œZœË›Ü™ËÐ˜X™[ØÛÛ\]Y]KËKØÛÛ\]Y]KMËŒŽKËÞˆ‹ˆš[YÜš]HŽˆœÚMLL‹[ØÕÔ^RÝÒQYÐž•œ›ŽŽLÙX˜ÎMÑŒ•N’˜–ÑQ›Œ•ÜÕØØRÓÙÜXËÚXÓÑ‘MÜ]ÔNRÍZ’Ó˜M‘ÙÏOH‹ˆ™]ˆŽˆYKˆ›XÙ[œÙHŽˆ“RU‹ˆ™[™Ú[™\ÈŽˆÂˆ››ÙHŽˆM‹ŽKŒ‚ˆBˆKˆ››ÙWÛ[Ù[\ËÐ˜X™[ØÛÜ™HŽˆÂˆ™\œÚ[ÛˆŽˆËŒŽKÈ‹ˆœ™\ÛÛ™YŽˆšÎ‹ËÜ™YÚ\ÝžK›œZœË›Ü™ËÐ˜X™[ØÛÜ™KËKØÛÜ™KMËŒŽKËÞˆ‹ˆš[YÜš]HŽˆœÚMLL‹T™ÒÝ˜“ÒÌ™ÖÓ“’ZÓ›ÑXÎ\[Õ‘]]LÚŽÑ\RÔ]SÒZX’Ø\•Ñ‘RLÓ›M‘VRÚÓ[ÚTÜšŽXŠØÚRÕOOH‹ˆ™]ˆŽˆYKˆ›XÙ[œÙHŽˆ“RU‹ˆ™\[™[˜ÚY\ÈŽˆÂˆ˜X™[ØÛÙKYœ˜[YHŽˆ—ËŒŽKÈ‹ˆ˜X™[ÙÙ[™\˜]ÜˆŽˆ—ËŒŽKÈ‹ˆ˜X™[Ú[\‹XÛÛ\[][Û‹]\™Ù]ÈŽˆ—ËŒŽKÈ‹ˆ˜X™[Ú[\‹[[Ù[K]˜[œÙ›Ü›\ÈŽˆ—ËŒŽKÈ‹ˆ˜X™[Ú[\œÈŽˆ—ËŒŽKÈ‹ˆ˜X™[Ü\œÙ\ˆŽˆ—ËŒŽKÈ‹ˆ˜X™[Ý[\]HŽˆ—ËŒŽKÈ‹ˆ˜X™[Ý˜]™\œÙHŽˆ—ËŒŽKÈ‹ˆ˜X™[Ý\\ÈŽˆ—ËŒŽKÈ‹ˆœšYÙ]Ù[Ü™[X\[™ÈŽˆ—Œ‹ŒËH‹ˆ˜ÛÛ™\\ÛÝ\˜ÙK[X\Žˆ—Œ‹ŒŒ‹ˆ™XYÈŽˆ—ŒKŒ‹ˆ™Ù[œÞ[˜ÈµÓ=êÚ$z{-®éÜj×98pQ1DAmLtwX109F7TIfWlW1Ydo8Wl1ii1SeHieeh0HHfPeL2fMXK6z0s8ecKs9frCuLJvndBg==",
      "dev": true,
      "license": "BSD-2-Clause",
      "dependencies": {
        "punycode": "^2.1.0"
      }
    },
    "node_modules/use-sync-external-store": {
      "version": "1.6.0",
      "resolved": "https://registry.npmjs.org/use-sync-external-store/-/use-sync-external-store-1.6.0.tgz",
      "integrity": "sha512-Pp6GSwGP/NrPIrxVFAIkOQeyw8lFenOHijQWkUTrDvrF4ALqylP2C/KCkeS9dpUM3KvYRQhna5vt7IL95+ZQ9w==",
      "license": "MIT",
      "peerDependencies": {
        "react": "^16.8.0 || ^17.0.0 || ^18.0.0 || ^19.0.0"
      }
    },
    "node_modules/victory-vendor": {
      "version": "37.3.6",
      "resolved": "https://registry.npmjs.org/victory-vendor/-/victory-vendor-37.3.6.tgz",
      "integrity": "sha512-SbPDPdDBYp+5MJHhBCAyI7wKM3d5ivekigc2Dk2s7pgbZ9wIgIBYGVw4zGHBml/qTFbexrofXW6Gu4noGxrOwQ==",
      "license": "MIT AND ISC",
      "dependencies": {
        "@types/d3-array": "^3.0.3",
        "@types/d3-ease": "^3.0.0",
        "@types/d3-interpolate": "^3.0.1",
        "@types/d3-scale": "^4.0.2",
        "@types/d3-shape": "^3.1.0",
        "@types/d3-time": "^3.0.0",
        "@types/d3-timer": "^3.0.0",
        "d3-array": "^3.1.6",
        "d3-ease": "^3.0.1",
        "d3-interpolate": "^3.0.1",
        "d3-scale": "^4.0.2",
        "d3-shape": "^3.1.0",
        "d3-time": "^3.0.0",
        "d3-timer": "^3.0.1"
      }
    },
    "node_modules/vitest": {
      "version": "4.1.11",
      "resolved": "https://registry.npmjs.org/vitest/-/vitest-4.1.11.tgz",
      "integrity": "sha512-fhACrNXUidIbGSBr5FlbuBkO7VWC1ZyLl0DO4CU2DrQoAPxX84Ysxs+HeGQpii5lZWV1Q4gBZTTu49mF+A6Edw==",
      "dev": true,
      "license": "MIT",
      "dependencies": {
        "@vitest/expect": "4.1.11",
        "@vitest/mocker": "4.1.11",
        "@vitest/pretty-format": "4.1.11",
        "@vitest/runner": "4.1.11",
        "@vitest/snapshot": "4.1.11",
        "@vitest/spy": "4.1.11",
        "@vitest/utils": "4.1.11",
        "es-module-lexer": "^2.0.0",
        "expect-type": "^1.3.0",
        "magic-string": "^0.30.21",
        "obug": "^2.1.1",
        "pathe": "^2.0.3",
        "picomatch": "^4.0.3",
        "std-env": "^4.0.0-rc.1",
        "tinybench": "^2.9.0",
        "tinyexec": "^1.0.2",
        "tinyglobby": "^0.2.15",
        "tinyrainbow": "^3.1.0",
        "vite": "^6.0.0 || ^7.0.0 || ^8.0.0",
        "why-is-node-running": "^2.3.0"
      },
      "bin": {
        "vitest": "vitest.mjs"
      },
      "engines": {
        "node": "^20.0.0 || ^22.0.0 || >=24.0.0"
      },
      "funding": {
        "url": "https://opencollective.com/vitest"
      },
      "peerDependencies": {
        "@edge-runtime/vm": "*",
        "@opentelemetry/api": "^1.9.0",
        "@types/node": "^20.0.0 || ^22.0.0 || >=24.0.0",
        "@vitest/browser-playwright": "4.1.11",
        "@vitest/browser-preview": "4.1.11",
        "@vitest/browser-webdriverio": "4.1.11",
        "@vitest/coverage-istanbul": "4.1.11",
        "@vitest/coverage-v8": "4.1.11",
        "@vitest/ui": "4.1.11",
        "happy-dom": "*",
        "jsdom": "*",
        "vite": "^6.0.0 || ^7.0.0 || ^8.0.0"
      },
      "peerDependenciesMeta": {
        "@edge-runtime/vm": {
          "optional": true
        },
        "@opentelemetry/api": {
          "optional": true
        },
        "@types/node": {
          "optional": true
        },
        "@vitest/browser-playwright": {
          "optional": true
        },
        "@vitest/browser-preview": {
          "optional": true
        },
        "@vitest/browser-webdriverio": {
          "optional": true
        },
        "@vitest/coverage-istanbul": {
          "optional": true
        },
        "@vitest/coverage-v8": {
          "optional": true
        },
        "@vitest/ui": {
          "optional": true
        },
        "happy-dom": {
          "optional": true
        },
        "jsdom": {
          "optional": true
        },
        "vite": {
          "optional": false
        }
      }
    },
    "node_modules/vitest/node_modules/@vitest/mocker": {
      "version": "4.1.11",
      "resolved": "https://registry.npmjs.org/@vitest/mocker/-/mocker-4.1.11.tgz",
      "integrity": "sha512-2XJVD55d1o5AZous5CCGKS74g/riOj9odEt2bQpCVZeblHyHdnMeFl4jl0XjU21stf4mbjUkew2eXQZt65g5CQ==",
      "dev": true,
      "license": "MIT",
      "dependencies": {
        "@vitest/spy": "4.1.11",
        "estree-walker": "^3.0.3",
        "magic-string": "^0.30.21"
      },
      "funding": {
        "url": "https://opencollective.com/vitest"
      },
      "peerDependencies": {
        "msw": "^2.4.9",
        "vite": "^6.0.0 || ^7.0.0 || ^8.0.0"
      },
      "peerDependenciesMeta": {
        "msw": {
          "optional": true
        },
        "vite": {
          "optional": true
        }
      }
    },
    "node_modules/vitest/node_modules/picomatch": {
      "version": "4.0.7",
      "resolved": "https://registry.npmjs.org/picomatch/-/picomatch-4.0.7.tgz",
      "integrity": "sha512-qcJu88Q2IWqJsDD529JKMdwGm/dvInW4HvQnRwiH9JtihJvzGOscDtHE3x1pBKeUOTysQ8kVmLnJ2kJu7yhcGA==",
      "dev": true,
      "license": "MIT",
      "engines": {
        "node": ">=12"
      },
      "funding": {
        "url": "https://github.com/sponsors/jonschlinkert"
      }
    },
    "node_modules/vitest/node_modules/postcss": {
      "version": "8.5.26",
      "resolved": "https://registry.npmjs.org/postcss/-/postcss-8.5.26.tgz",
      "integrity": "sha512-u82N74LFzG8ca+dD8puPnplTXoGH4fTPpVGuIbt36G3qvNlkvfD0lEAZSxaly3KX8TS/L1A1gsCEmvKmBcVbkQ==",
      "dev": true,
      "funding": [
        {
          "type": "opencollective",
          "url": "https://opencollective.com/postcss/"
        },
        {
          "type": "tidelift",
          "url": "https://tidelift.com/funding/github/npm/postcss"
        },
        {
          "type": "github",
          "url": "https://github.com/sponsors/ai"
        }
      ],
      "license": "MIT",
      "dependencies": {
        "nanoid": "^3.3.17",
        "picocolors": "^1.1.1",
        "source-map-js": "^1.2.1"
      },
      "engines": {
        "node": "^10 || ^12 || >=14"
      }
    },
    "node_modules/vitest/node_modules/vite": {
      "version": "8.2.2",
      "resolved": "https://registry.npmjs.org/vite/-/vite-8.2.2.tgz",
      "integrity": "sha512-cFKLV/PRgAUlIRm5WjMjJ86jrftzpqcgH+Us+DS8mI3CDNiH30Whrz8uHL3+MOLPAgqbMBAqWdAHAphOAM+z/Q==",
      "dev": true,
      "license": "MIT",
      "dependencies": {
        "lightningcss": "^1.33.0",
        "picomatch": "^4.0.5",
        "postcss": "^8.5.26",
        "rolldown": "~1.2.4",
        "tinyglobby": "^0.2.17"
      },
      "bin": {
        "vite": "bin/vite.js"
      },
      "engines": {
        "node": "^20.19.0 || >=22.12.0"
      },
      "funding": {
        "url": "https://github.com/vitejs/vite?sponsor=1"
      },
      "optionalDependencies": {
        "fsevents": "~2.3.3"
      },
      "peerDependencies": {
        "@types/node": "^20.19.0 || >=22.12.0",
        "@vitejs/devtools": "^0.4.0 || ^0.5.0",
        "esbuild": "^0.27.0 || ^0.28.0",
        "jiti": ">=1.21.0",
        "less": "^4.0.0",
        "sass": "^1.70.0",
        "sass-embedded": "^1.70.0",
        "stylus": ">=0.54.8",
        "sugarss": "^5.0.0",
        "terser": "^5.16.0",
        "tsx": "^4.8.1",
        "yaml": "^2.4.2"
      },
      "peerDependenciesMeta": {
        "@types/node": {
          "optional": true
        },
        "@vitejs/devtools": {
          "optional": true
        },
        "esbuild": {
          "optional": true
        },
        "jiti": {
          "optional": true
        },
        "less": {
          "optional": true
        },
        "sass": {
          "optional": true
        },
        "sass-embedded": {
          "optional": true
        },
        "stylus": {
          "optional": true
        },
        "sugarss": {
          "optional": true
        },
        "terser": {
          "optional": true
        },
        "tsx": {
          "optional": true
        },
        "yaml": {
          "optional": true
        }
      }
    },
    "node_modules/which": {
      "version": "2.0.2",
      "resolved": "https://registry.npmjs.org/which/-/which-2.0.2.tgz",
      "integrity": "sha512-BLI3Tl1TW3Pvl70l3yq3Y64i+awpwXqsGBYWkkqMtnbXgrMD+yj7rhW0kuEDxzJaYXGjEW5ogapKNMEKNMjibA==",
      "dev": true,
      "license": "ISC",
      "dependencies": {
        "isexe": "^2.0.0"
      },
      "bin": {
        "node-which": "bin/node-which"
      },
      "engines": {
        "node": ">= 8"
      }
    },
    "node_modules/which-boxed-primitive": {
      "version": "1.1.1",
      "resolved": "https://registry.npmjs.org/which-boxed-primitive/-/which-boxed-primitive-1.1.1.tgz",
      "integrity": "sha512-TbX3mj8n0odCBFVlY8AxkqcHASw3L60jIuF8jFP78az3C2YhmGvqbHBpAjTRH2/xqYunrJ9g1jSyjCjpoWzIAA==",
      "dev": true,
      "license": "MIT",
      "dependencies": {
        "is-bigint": "^1.1.0",
        "is-boolean-object": "^1.2.1",
        "is-number-object": "^1.1.1",
        "is-string": "^1.1.1",
        "is-symbol": "^1.1.1"
      },
      "engines": {
        "node": ">= 0.4"
      },
      "funding": {
        "url": "https://github.com/sponsors/ljharb"
      }
    },
    "node_modules/which-builtin-type": {
      "version": "1.2.1",
      "resolved": "https://registry.npmjs.org/which-builtin-type/-/which-builtin-type-1.2.1.tgz",
      "integrity": "sha512-6iBczoX+kDQ7a3+YJBnh3T+KZRxM/iYNPXicqk66/Qfm1b93iu+yOImkg0zHbj5LNOcNv1TEADiZ0xa34B4q6Q==",
      "dev": true,
      "license": "MIT",
      "dependencies": {
        "call-bound": "^1.0.2",
        "function.prototype.name": "^1.1.6",
        "has-tostringtag": "^1.0.2",
        "is-async-function": "^2.0.0",
        "is-date-object": "^1.1.0",
        "is-finalizationregistry": "^1.1.0",
        "is-generator-function": "^1.0.10",
        "is-regex": "^1.2.1",
        "is-weakref": "^1.0.2",
        "isarray": "^2.0.5",
        "which-boxed-primitive": "^1.1.0",
        "which-collection": "^1.0.2",
        "which-typed-array": "^1.1.16"
      },
      "engines": {
        "node": ">= 0.4"
      },
      "funding": {
        "url": "https://github.com/sponsors/ljharb"
      }
    },
    "node_modules/which-collection": {
      "version": "1.0.2",
      "resolved": "https://registry.npmjs.org/which-collection/-/which-collection-1.0.2.tgz",
      "integrity": "sha512-K4jVyjnBdgvc86Y6BkaLZEN933SwYOuBFkdmBu9ZfkcAbdVbpITnDmjvZ/aQjRXQrv5EPkTnD1s39GiiqbngCw==",
      "dev": true,
      "license": "MIT",
      "dependencies": {
        "is-map": "^2.0.3",
        "is-set": "^2.0.3",
        "is-weakmap": "^2.0.2",
        "is-weakset": "^2.0.3"
      },
      "engines": {
        "node": ">= 0.4"
      },
      "funding": {
        "url": "https://github.com/sponsors/ljharb"
      }
    },
    "node_modules/which-typed-array": {
      "version": "1.1.22",
      "resolved": "https://registry.npmjs.org/which-typed-array/-/which-typed-array-1.1.22.tgz",
      "integrity": "sha512-fvO4ExWMFsqyhG3AiPAObMuY1lxaqgYcxbc49CNdWDDECOJNgQyvsOWVwbZc+qf3rzRtxojBK+CMEv0Ld5CYpw==",
      "dev": true,
      "license": "MIT",
      "dependencies": {
        "available-typed-arrays": "^1.0.7",
        "call-bind": "^1.0.9",
        "call-bound": "^1.0.4",
        "for-each": "^0.3.5",
        "get-proto": "^1.0.1",
        "gopd": "^1.2.0",
        "has-tostringtag": "^1.0.2"
      },
      "engines": {
        "node": ">= 0.4"
      },
      "funding": {
        "url": "https://github.com/sponsors/ljharb"
      }
    },
    "node_modules/why-is-node-running": {
      "version": "2.3.0",
      "resolved": "https://registry.npmjs.org/why-is-node-running/-/why-is-node-running-2.3.0.tgz",
      "integrity": "sha512-hUrmaWBdVDcxvYqnyh09zunKzROWjbZTiNy8dBEjkS7ehEDQibXJ7XvlmtbwuTclUiIyN+CyXQD4Vmko8fNm8w==",
      "dev": true,
      "license": "MIT",
      "dependencies": {
        "siginfo": "^2.0.0",
        "stackback": "0.0.2"
      },
      "bin": {
        "why-is-node-running": "cli.js"
      },
      "engines": {
        "node": ">=8"
      }
    },
    "node_modules/word-wrap": {
      "version": "1.2.5",
      "resolved": "https://registry.npmjs.org/word-wrap/-/word-wrap-1.2.5.tgz",
      "integrity": "sha512-BN22B5eaMMI9UMtjrGd5g5eCYPpCPDUy0FJXbYsaT5zYxjFOckS53SQDE3pWkVoWpHXVb3BrYcEN4Twa55B5cA==",
      "dev": true,
      "license": "MIT",
      "engines": {
        "node": ">=0.10.0"
      }
    },
    "node_modules/yallist": {
      "version": "3.1.1",
      "resolved": "https://registry.npmjs.org/yallist/-/yallist-3.1.1.tgz",
      "integrity": "sha512-a4UGQaWPH59mOXUYnAG2ewncQS4i4F43Tv3JoAM+s2VDAmS9NsK8GpDMLrCHPksFT7h3K6TOoUNn2pb7RoXx4g==",
      "dev": true,
      "license": "ISC"
    },
    "node_modules/yocto-queue": {
      "version": "0.1.0",
      "resolved": "https://registry.npmjs.org/yocto-queue/-/yocto-queue-0.1.0.tgz",
      "integrity": "sha512-rVksvsnNCdJ/ohGc6xgPwyN8eheCxsiLM8mxuE/t/mOVqJewPuO1miLpTHQiRgTKCLexL4MeAFVagts7HmNZ2Q==",
      "dev": true,
      "license": "MIT",
      "engines": {
        "node": ">=10"
      },
      "funding": {
        "url": "https://github.com/sponsors/sindresorhus"
      }
    },
    "node_modules/zod": {
      "version": "3.25.76",
      "resolved": "https://registry.npmjs.org/zod/-/zod-3.25.76.tgz",
      "integrity": "sha512-gzUt/qt81nXsFGKIFcC3YnfEAx5NkunCfnDlvuBSSFS02bcXu4Lmea0AFIUwbLWxWPx3d9p8S5QoaujKcNQxcQ==",
      "license": "MIT",
      "funding": {
        "url": "https://github.com/sponsors/colinhacks"
      }
    },
    "node_modules/zod-validation-error": {
      "version": "4.0.2",
      "resolved": "https://registry.npmjs.org/zod-validation-error/-/zod-validation-error-4.0.2.tgz",
      "integrity": "sha512-Q6/nZLe6jxuU80qb/4uJ4t5v2VEZ44lzQjPDhYJNztRQ4wyWc6VF3D3Kb/fAuPetZQnhS3hnajCf9CsWesghLQ==",
      "dev": true,
      "license": "MIT",
      "engines": {
        "node": ">=18.0.0"
      },
      "peerDependencies": {
        "zod": "^3.25.0 || ^4.0.0"
      }
    },
    "packages/agentic-contract": {
      "name": "@portfolio-intelligence/agentic-contract",
      "version": "0.1.0",
      "dependencies": {
        "zod": "^3.24.1"
      },
      "devDependencies": {
        "typescript": "^5.7.3"
      }
    },
    "services/agentic": {
      "name": "@portfolio-intelligence/agentic-service",
      "version": "0.1.0",
      "dependencies": {
        "@aws-sdk/client-s3": "^3.1119.0",
        "@fontsource/inter": "^5.3.0",
        "@portfolio-intelligence/agentic-contract": "0.1.0",
        "openai": "^7.5.0",
        "pdfkit": "^0.20.1",
        "postgres": "^3.4.9",
        "zod": "^3.24.1"
      },
      "devDependencies": {
        "@types/node": "^22.10.5",
        "@types/pdfkit": "^0.17.5",
        "tsx": "^4.19.2",
        "typescript": "^5.7.3",
        "vitest": "^4.1.11"
      },
      "engines": {
        "node": ">=22.0.0"
      }
    }
  }
}
